
Microsoft Visual Studio Solution File, Format Version 12.00
# Visual Studio Version 17
VisualStudioVersion = 17.1.32228.430
MinimumVisualStudioVersion = 10.0.40219.1
Project("{8BC9CEB8-8B4A-11D0-8D11-00A0C91BC942}") = "test_10_12", "test_10_12.vcxproj", "{89F747A7-D82D-43D0-984D-88228CAC15F9}"
EndProject
Global
	GlobalSection(SolutionConfigurationPlatforms) = preSolution
		Debug|x64 = Debug|x64
		Debug|x86 = Debug|x86
		Release|x64 = Release|x64
		Release|x86 = Release|x86
	EndGlobalSection
	GlobalSection(ProjectConfigurationPlatforms) = postSolution
		{89F747A7-D82D-43D0-984D-88228CAC15F9}.Debug|x64.ActiveCfg = Debug|x64
		{89F747A7-D82D-43D0-984D-88228CAC15F9}.Debug|x64.Build.0 = Debug|x64
		{89F747A7-D82D-43D0-984D-88228CAC15F9}.Debug|x86.ActiveCfg = Debug|Win32
		{89F747A7-D82D-43D0-984D-88228CAC15F9}.Debug|x86.Build.0 = Debug|Win32
		{89F747A7-D82D-43D0-984D-88228CAC15F9}.Release|x64.ActiveCfg = Release|x64
		{89F747A7-D82D-43D0-984D-88228CAC15F9}.Release|x64.Build.0 = Release|x64
		{89F747A7-D82D-43D0-984D-88228CAC15F9}.Release|x86.ActiveCfg = Release|Win32
		{89F747A7-D82D-43D0-984D-88228CAC15F9}.Release|x86.Build.0 = Release|Win32
	EndGlobalSection
	GlobalSection(SolutionProperties) = preSolution
		HideSolutionNode = FALSE
	EndGlobalSection
	GlobalSection(ExtensibilityGlobals) = postSolution
		SolutionGuid = {CB8F8071-19C4-44E5-8864-CE0DFDA64A0B}
	EndGlobalSection
EndGlobal
